
Microsoft Visual Studio Solution File, Format Version 12.00
# Visual Studio Version 17
VisualStudioVersion = 17.14.37203.1 d17.14
MinimumVisualStudioVersion = 10.0.40219.1
Project("{FAE04EC0-301F-11D3-BF4B-00C04F79EFBC}") = "SliderCrud", "SliderCrud.csproj", "{8AE8B3E2-7CE0-4CDC-8A25-FE7C47BD7B5D}"
EndProject
Global
	GlobalSection(SolutionConfigurationPlatforms) = preSolution
		Debug|Any CPU = Debug|Any CPU
		Release|Any CPU = Release|Any CPU
	EndGlobalSection
	GlobalSection(ProjectConfigurationPlatforms) = postSolution
		{8AE8B3E2-7CE0-4CDC-8A25-FE7C47BD7B5D}.Debug|Any CPU.ActiveCfg = Debug|Any CPU
		{8AE8B3E2-7CE0-4CDC-8A25-FE7C47BD7B5D}.Debug|Any CPU.Build.0 = Debug|Any CPU
		{8AE8B3E2-7CE0-4CDC-8A25-FE7C47BD7B5D}.Release|Any CPU.ActiveCfg = Release|Any CPU
		{8AE8B3E2-7CE0-4CDC-8A25-FE7C47BD7B5D}.Release|Any CPU.Build.0 = Release|Any CPU
	EndGlobalSection
	GlobalSection(SolutionProperties) = preSolution
		HideSolutionNode = FALSE
	EndGlobalSection
	GlobalSection(ExtensibilityGlobals) = postSolution
		SolutionGuid = {A3129926-D65D-4F5F-81FD-CF62F56853A6}
	EndGlobalSection
EndGlobal
